
Microsoft Visual Studio Solution File, Format Version 12.00
# Visual Studio 15
VisualStudioVersion = 15.0.27703.2018
MinimumVisualStudioVersion = 10.0.40219.1
Project("{FAE04EC0-301F-11D3-BF4B-00C04F79EFBC}") = "StardewCropCalculator", "StardewCropCalculator\StardewCropCalculator.csproj", "{77DC6A2C-EB09-4127-8525-C26F4C23FA23}"
	ProjectSection(ProjectDependencies) = postProject
		{F990F7EA-29C0-4F21-8C50-FE2115842461} = {F990F7EA-29C0-4F21-8C50-FE2115842461}
	EndProjectSection
EndProject
Project("{FAE04EC0-301F-11D3-BF4B-00C04F79EFBC}") = "EditBoxControlLibrary", "EditBoxControlLibrary\EditBoxControlLibrary.csproj", "{558EEE03-6927-4FE6-AEB6-972769960849}"
EndProject
Project("{FAE04EC0-301F-11D3-BF4B-00C04F79EFBC}") = "StardewCropCalculatorLibrary", "StardewCropCalculatorLibrary\StardewCropCalculatorLibrary.csproj", "{F990F7EA-29C0-4F21-8C50-FE2115842461}"
EndProject
Project("{2150E333-8FDC-42A3-9474-1A3956D46DE8}") = "Solution Items", "Solution Items", "{7607932C-557E-4E65-8ED0-B038847509F0}"
	ProjectSection(SolutionItems) = preProject
		README.md = README.md
	EndProjectSection
EndProject
Global
	GlobalSection(SolutionConfigurationPlatforms) = preSolution
		Debug|Any CPU = Debug|Any CPU
		Release|Any CPU = Release|Any CPU
	EndGlobalSection
	GlobalSection(ProjectConfigurationPlatforms) = postSolution
		{77DC6A2C-EB09-4127-8525-C26F4C23FA23}.Debug|Any CPU.ActiveCfg = Debug|Any CPU
		{77DC6A2C-EB09-4127-8525-C26F4C23FA23}.Debug|Any CPU.Build.0 = Debug|Any CPU
		{77DC6A2C-EB09-4127-8525-C26F4C23FA23}.Release|Any CPU.ActiveCfg = Release|Any CPU
		{77DC6A2C-EB09-4127-8525-C26F4C23FA23}.Release|Any CPU.Build.0 = Release|Any CPU
		{558EEE03-6927-4FE6-AEB6-972769960849}.Debug|Any CPU.ActiveCfg = Debug|Any CPU
		{558EEE03-6927-4FE6-AEB6-972769960849}.Debug|Any CPU.Build.0 = Debug|Any CPU
		{558EEE03-6927-4FE6-AEB6-972769960849}.Release|Any CPU.ActiveCfg = Release|Any CPU
		{558EEE03-6927-4FE6-AEB6-972769960849}.Release|Any CPU.Build.0 = Release|Any CPU
		{F990F7EA-29C0-4F21-8C50-FE2115842461}.Debug|Any CPU.ActiveCfg = Debug|Any CPU
		{F990F7EA-29C0-4F21-8C50-FE2115842461}.Debug|Any CPU.Build.0 = Debug|Any CPU
		{F990F7EA-29C0-4F21-8C50-FE2115842461}.Release|Any CPU.ActiveCfg = Release|Any CPU
		{F990F7EA-29C0-4F21-8C50-FE2115842461}.Release|Any CPU.Build.0 = Release|Any CPU
	EndGlobalSection
	GlobalSection(SolutionProperties) = preSolution
		HideSolutionNode = FALSE
	EndGlobalSection
	GlobalSection(ExtensibilityGlobals) = postSolution
		SolutionGuid = {87AAC6D5-A1DC-42B3-B3CD-05C4F2B32F60}
	EndGlobalSection
EndGlobal
